// !$*UTF8*$!
{
	archiveVersion = 1;
	classes = {
	};
	objectVersion = 50;
	objects = {

/* Begin PBXBuildFile section */
		5E0CE2922167CC8700BF4D39 /* AutoMockable.swift in Sources */ = {isa = PBXBuildFile; fileRef = 5E0CE2912167CC8700BF4D39 /* AutoMockable.swift */; };
		5E39E8712146B40E004F5566 /* Result.swift in Sources */ = {isa = PBXBuildFile; fileRef = 5E39E8702146B40E004F5566 /* Result.swift */; };
		5E3CF9CA2131FB8400558F29 /* Store.swift in Sources */ = {isa = PBXBuildFile; fileRef = 5E3CF9C92131FB8400558F29 /* Store.swift */; };
		5E3CF9CC21333C5900558F29 /* Repository.swift in Sources */ = {isa = PBXBuildFile; fileRef = 5E3CF9CB21333C5900558F29 /* Repository.swift */; };
		5E4A9406215D20FE00D0B193 /* URLSessionProtocol.swift in Sources */ = {isa = PBXBuildFile; fileRef = 5E4A9405215D20FE00D0B193 /* URLSessionProtocol.swift */; };
		5E4A9408215D586900D0B193 /* URLSessionDataTaskProtocol.swift in Sources */ = {isa = PBXBuildFile; fileRef = 5E4A9407215D586900D0B193 /* URLSessionDataTaskProtocol.swift */; };
		5E76F5372153176000257C02 /* UserRepository.swift in Sources */ = {isa = PBXBuildFile; fileRef = 5E76F5362153176000257C02 /* UserRepository.swift */; };
		5E80299E212BE65A00F3A2AC /* BaseViewController.swift in Sources */ = {isa = PBXBuildFile; fileRef = 5E80299D212BE65A00F3A2AC /* BaseViewController.swift */; };
		5E8029A5212BE98200F3A2AC /* Card.swift in Sources */ = {isa = PBXBuildFile; fileRef = 5E8029A4212BE98200F3A2AC /* Card.swift */; };
		5E8029A7212C2ADE00F3A2AC /* AuthViewController.swift in Sources */ = {isa = PBXBuildFile; fileRef = 5E8029A6212C2ADE00F3A2AC /* AuthViewController.swift */; };
		5E8029A9212C307800F3A2AC /* TokenRepository.swift in Sources */ = {isa = PBXBuildFile; fileRef = 5E8029A8212C307800F3A2AC /* TokenRepository.swift */; };
		5E8784352130BF6000E4AF75 /* QuizViewController.swift in Sources */ = {isa = PBXBuildFile; fileRef = 5E8784342130BF6000E4AF75 /* QuizViewController.swift */; };
		5E887284211DE73200BDA39B /* AppDelegate.swift in Sources */ = {isa = PBXBuildFile; fileRef = 5E887283211DE73200BDA39B /* AppDelegate.swift */; };
		5E887286211DE73200BDA39B /* SourcesViewController.swift in Sources */ = {isa = PBXBuildFile; fileRef = 5E887285211DE73200BDA39B /* SourcesViewController.swift */; };
		5E887289211DE73200BDA39B /* Main.storyboard in Resources */ = {isa = PBXBuildFile; fileRef = 5E887287211DE73200BDA39B /* Main.storyboard */; };
		5E88728B211DE73300BDA39B /* Assets.xcassets in Resources */ = {isa = PBXBuildFile; fileRef = 5E88728A211DE73300BDA39B /* Assets.xcassets */; };
		5E88728E211DE73300BDA39B /* LaunchScreen.storyboard in Resources */ = {isa = PBXBuildFile; fileRef = 5E88728C211DE73300BDA39B /* LaunchScreen.storyboard */; };
		5E900639212B3A050089B190 /* SourceViewController.swift in Sources */ = {isa = PBXBuildFile; fileRef = 5E900638212B3A050089B190 /* SourceViewController.swift */; };
		5EA0E2B42167D15300537999 /* AutoMockable.stencil in Resources */ = {isa = PBXBuildFile; fileRef = 5EA0E2B32167D15300537999 /* AutoMockable.stencil */; };
		5EA0E2B62167D1AC00537999 /* AutoMockable.generated.swift in Sources */ = {isa = PBXBuildFile; fileRef = 5EA0E2B52167D1AC00537999 /* AutoMockable.generated.swift */; };
		5EA0E2BC2167D5B600537999 /* RepositoryTests.swift in Sources */ = {isa = PBXBuildFile; fileRef = 5EA0E2B92167D57100537999 /* RepositoryTests.swift */; };
		5EA8932D21319D3E00E55238 /* CardRepository.swift in Sources */ = {isa = PBXBuildFile; fileRef = 5EA8932C21319D3E00E55238 /* CardRepository.swift */; };
		5ECE45B1212A229000CB0EED /* Source.swift in Sources */ = {isa = PBXBuildFile; fileRef = 5ECE45B0212A229000CB0EED /* Source.swift */; };
		5ECE45B3212A2B4300CB0EED /* SourceRepository.swift in Sources */ = {isa = PBXBuildFile; fileRef = 5ECE45B2212A2B4300CB0EED /* SourceRepository.swift */; };
		5ED824A5212DC63F00C9595D /* User.swift in Sources */ = {isa = PBXBuildFile; fileRef = 5ED824A4212DC63F00C9595D /* User.swift */; };
/* End PBXBuildFile section */

/* Begin PBXContainerItemProxy section */
		5E76F5412155C38000257C02 /* PBXContainerItemProxy */ = {
			isa = PBXContainerItemProxy;
			containerPortal = 5E887278211DE73200BDA39B /* Project object */;
			proxyType = 1;
			remoteGlobalIDString = 5E88727F211DE73200BDA39B;
			remoteInfo = Flashcards;
		};
/* End PBXContainerItemProxy section */

/* Begin PBXFileReference section */
		5E0CE2912167CC8700BF4D39 /* AutoMockable.swift */ = {isa = PBXFileReference; fileEncoding = 4; lastKnownFileType = sourcecode.swift; name = AutoMockable.swift; path = Flashcards/AutoMockable.swift; sourceTree = SOURCE_ROOT; };
		5E39E8702146B40E004F5566 /* Result.swift */ = {isa = PBXFileReference; lastKnownFileType = sourcecode.swift; name = Result.swift; path = Flashcards/Result.swift; sourceTree = SOURCE_ROOT; };
		5E3CF9C92131FB8400558F29 /* Store.swift */ = {isa = PBXFileReference; lastKnownFileType = sourcecode.swift; path = Store.swift; sourceTree = "<group>"; };
		5E3CF9CB21333C5900558F29 /* Repository.swift */ = {isa = PBXFileReference; lastKnownFileType = sourcecode.swift; path = Repository.swift; sourceTree = "<group>"; };
		5E4A9405215D20FE00D0B193 /* URLSessionProtocol.swift */ = {isa = PBXFileReference; lastKnownFileType = sourcecode.swift; path = URLSessionProtocol.swift; sourceTree = "<group>"; };
		5E4A9407215D586900D0B193 /* URLSessionDataTaskProtocol.swift */ = {isa = PBXFileReference; lastKnownFileType = sourcecode.swift; path = URLSessionDataTaskProtocol.swift; sourceTree = "<group>"; };
		5E76F5362153176000257C02 /* UserRepository.swift */ = {isa = PBXFileReference; lastKnownFileType = sourcecode.swift; path = UserRepository.swift; sourceTree = "<group>"; };
		5E76F53C2155C38000257C02 /* FlashcardsTests.xctest */ = {isa = PBXFileReference; explicitFileType = wrapper.cfbundle; includeInIndex = 0; path = FlashcardsTests.xctest; sourceTree = BUILT_PRODUCTS_DIR; };
		5E76F5402155C38000257C02 /* Info.plist */ = {isa = PBXFileReference; lastKnownFileType = text.plist.xml; path = Info.plist; sourceTree = "<group>"; };
		5E80299D212BE65A00F3A2AC /* BaseViewController.swift */ = {isa = PBXFileReference; lastKnownFileType = sourcecode.swift; path = BaseViewController.swift; sourceTree = "<group>"; };
		5E8029A4212BE98200F3A2AC /* Card.swift */ = {isa = PBXFileReference; lastKnownFileType = sourcecode.swift; path = Card.swift; sourceTree = "<group>"; };
		5E8029A6212C2ADE00F3A2AC /* AuthViewController.swift */ = {isa = PBXFileReference; lastKnownFileType = sourcecode.swift; path = AuthViewController.swift; sourceTree = "<group>"; };
		5E8029A8212C307800F3A2AC /* TokenRepository.swift */ = {isa = PBXFileReference; lastKnownFileType = sourcecode.swift; path = TokenRepository.swift; sourceTree = "<group>"; };
		5E8784342130BF6000E4AF75 /* QuizViewController.swift */ = {isa = PBXFileReference; lastKnownFileType = sourcecode.swift; path = QuizViewController.swift; sourceTree = "<group>"; };
		5E887280211DE73200BDA39B /* Flashcards.app */ = {isa = PBXFileReference; explicitFileType = wrapper.application; includeInIndex = 0; path = Flashcards.app; sourceTree = BUILT_PRODUCTS_DIR; };
		5E887283211DE73200BDA39B /* AppDelegate.swift */ = {isa = PBXFileReference; lastKnownFileType = sourcecode.swift; path = AppDelegate.swift; sourceTree = "<group>"; };
		5E887285211DE73200BDA39B /* SourcesViewController.swift */ = {isa = PBXFileReference; lastKnownFileType = sourcecode.swift; path = SourcesViewController.swift; sourceTree = "<group>"; };
		5E887288211DE73200BDA39B /* Base */ = {isa = PBXFileReference; lastKnownFileType = file.storyboard; name = Base; path = Base.lproj/Main.storyboard; sourceTree = "<group>"; };
		5E88728A211DE73300BDA39B /* Assets.xcassets */ = {isa = PBXFileReference; lastKnownFileType = folder.assetcatalog; path = Assets.xcassets; sourceTree = "<group>"; };
		5E88728D211DE73300BDA39B /* Base */ = {isa = PBXFileReference; lastKnownFileType = file.storyboard; name = Base; path = Base.lproj/LaunchScreen.storyboard; sourceTree = "<group>"; };
		5E88728F211DE73300BDA39B /* Info.plist */ = {isa = PBXFileReference; lastKnownFileType = text.plist.xml; path = Info.plist; sourceTree = "<group>"; };
		5E900638212B3A050089B190 /* SourceViewController.swift */ = {isa = PBXFileReference; lastKnownFileType = sourcecode.swift; path = SourceViewController.swift; sourceTree = "<group>"; };
		5EA0E2B32167D15300537999 /* AutoMockable.stencil */ = {isa = PBXFileReference; lastKnownFileType = text; path = AutoMockable.stencil; sourceTree = "<group>"; };
		5EA0E2B52167D1AC00537999 /* AutoMockable.generated.swift */ = {isa = PBXFileReference; fileEncoding = 4; lastKnownFileType = sourcecode.swift; path = AutoMockable.generated.swift; sourceTree = "<group>"; };
		5EA0E2B92167D57100537999 /* RepositoryTests.swift */ = {isa = PBXFileReference; lastKnownFileType = sourcecode.swift; name = RepositoryTests.swift; path = FlashcardsTests/Repositories/RepositoryTests.swift; sourceTree = SOURCE_ROOT; };
		5EA8932C21319D3E00E55238 /* CardRepository.swift */ = {isa = PBXFileReference; lastKnownFileType = sourcecode.swift; name = CardRepository.swift; path = Flashcards/Repositories/CardRepository.swift; sourceTree = SOURCE_ROOT; };
		5ECE45B0212A229000CB0EED /* Source.swift */ = {isa = PBXFileReference; lastKnownFileType = sourcecode.swift; path = Source.swift; sourceTree = "<group>"; };
		5ECE45B2212A2B4300CB0EED /* SourceRepository.swift */ = {isa = PBXFileReference; lastKnownFileType = sourcecode.swift; path = SourceRepository.swift; sourceTree = "<group>"; };
		5ED824A4212DC63F00C9595D /* User.swift */ = {isa = PBXFileReference; lastKnownFileType = sourcecode.swift; path = User.swift; sourceTree = "<group>"; };
/* End PBXFileReference section */

/* Begin PBXFrameworksBuildPhase section */
		5E76F5392155C38000257C02 /* Frameworks */ = {
			isa = PBXFrameworksBuildPhase;
			buildActionMask = 2147483647;
			files = (
			);
			runOnlyForDeploymentPostprocessing = 0;
		};
		5E88727D211DE73200BDA39B /* Frameworks */ = {
			isa = PBXFrameworksBuildPhase;
			buildActionMask = 2147483647;
			files = (
			);
			runOnlyForDeploymentPostprocessing = 0;
		};
/* End PBXFrameworksBuildPhase section */

/* Begin PBXGroup section */
		5E76F53D2155C38000257C02 /* FlashcardsTests */ = {
			isa = PBXGroup;
			children = (
				5EA0E2BD2167D5BC00537999 /* Repositories */,
				5E76F5402155C38000257C02 /* Info.plist */,
			);
			path = FlashcardsTests;
			sourceTree = "<group>";
		};
		5E80299F212BE77A00F3A2AC /* Views */ = {
			isa = PBXGroup;
			children = (
				5E80299D212BE65A00F3A2AC /* BaseViewController.swift */,
				5E887285211DE73200BDA39B /* SourcesViewController.swift */,
				5E900638212B3A050089B190 /* SourceViewController.swift */,
				5E8029A6212C2ADE00F3A2AC /* AuthViewController.swift */,
				5E8784342130BF6000E4AF75 /* QuizViewController.swift */,
			);
			path = Views;
			sourceTree = "<group>";
		};
		5E8029A0212BE79100F3A2AC /* Repositories */ = {
			isa = PBXGroup;
			children = (
				5E3CF9CB21333C5900558F29 /* Repository.swift */,
				5EA8932C21319D3E00E55238 /* CardRepository.swift */,
				5ECE45B2212A2B4300CB0EED /* SourceRepository.swift */,
				5E8029A8212C307800F3A2AC /* TokenRepository.swift */,
				5E76F5362153176000257C02 /* UserRepository.swift */,
				5E4A9405215D20FE00D0B193 /* URLSessionProtocol.swift */,
				5E4A9407215D586900D0B193 /* URLSessionDataTaskProtocol.swift */,
			);
			path = Repositories;
			sourceTree = "<group>";
		};
		5E8029A1212BE7AB00F3A2AC /* Entities */ = {
			isa = PBXGroup;
			children = (
				5ED824A4212DC63F00C9595D /* User.swift */,
				5ECE45B0212A229000CB0EED /* Source.swift */,
				5E8029A4212BE98200F3A2AC /* Card.swift */,
			);
			path = Entities;
			sourceTree = "<group>";
		};
		5E887277211DE73200BDA39B = {
			isa = PBXGroup;
			children = (
				5E887282211DE73200BDA39B /* Flashcards */,
				5E76F53D2155C38000257C02 /* FlashcardsTests */,
				5E887281211DE73200BDA39B /* Products */,
			);
			sourceTree = "<group>";
		};
		5E887281211DE73200BDA39B /* Products */ = {
			isa = PBXGroup;
			children = (
				5E887280211DE73200BDA39B /* Flashcards.app */,
				5E76F53C2155C38000257C02 /* FlashcardsTests.xctest */,
			);
			name = Products;
			sourceTree = "<group>";
		};
		5E887282211DE73200BDA39B /* Flashcards */ = {
			isa = PBXGroup;
			children = (
				5E80299F212BE77A00F3A2AC /* Views */,
				5E8029A0212BE79100F3A2AC /* Repositories */,
				5E8029A1212BE7AB00F3A2AC /* Entities */,
				5EA0E2B22167D12200537999 /* Templates */,
				5E887283211DE73200BDA39B /* AppDelegate.swift */,
				5E0CE2912167CC8700BF4D39 /* AutoMockable.swift */,
				5EA0E2B52167D1AC00537999 /* AutoMockable.generated.swift */,
				5E3CF9C92131FB8400558F29 /* Store.swift */,
				5E39E8702146B40E004F5566 /* Result.swift */,
				5E887287211DE73200BDA39B /* Main.storyboard */,
				5E88728A211DE73300BDA39B /* Assets.xcassets */,
				5E88728C211DE73300BDA39B /* LaunchScreen.storyboard */,
				5E88728F211DE73300BDA39B /* Info.plist */,
			);
			path = Flashcards;
			sourceTree = "<group>";
		};
		5EA0E2B22167D12200537999 /* Templates */ = {
			isa = PBXGroup;
			children = (
				5EA0E2B32167D15300537999 /* AutoMockable.stencil */,
			);
			path = Templates;
			sourceTree = "<group>";
		};
		5EA0E2BD2167D5BC00537999 /* Repositories */ = {
			isa = PBXGroup;
			children = (
				5EA0E2B92167D57100537999 /* RepositoryTests.swift */,
			);
			path = Repositories;
			sourceTree = "<group>";
		};
/* End PBXGroup section */

/* Begin PBXNativeTarget section */
		5E76F53B2155C38000257C02 /* FlashcardsTests */ = {
			isa = PBXNativeTarget;
			buildConfigurationList = 5E76F5452155C38000257C02 /* Build configuration list for PBXNativeTarget "FlashcardsTests" */;
			buildPhases = (
				5E76F5382155C38000257C02 /* Sources */,
				5E76F5392155C38000257C02 /* Frameworks */,
				5E76F53A2155C38000257C02 /* Resources */,
			);
			buildRules = (
			);
			dependencies = (
				5E76F5422155C38000257C02 /* PBXTargetDependency */,
			);
			name = FlashcardsTests;
			productName = FlashcardsTests;
			productReference = 5E76F53C2155C38000257C02 /* FlashcardsTests.xctest */;
			productType = "com.apple.product-type.bundle.unit-test";
		};
		5E88727F211DE73200BDA39B /* Flashcards */ = {
			isa = PBXNativeTarget;
			buildConfigurationList = 5E887292211DE73300BDA39B /* Build configuration list for PBXNativeTarget "Flashcards" */;
			buildPhases = (
				5E88727C211DE73200BDA39B /* Sources */,
				5E88727D211DE73200BDA39B /* Frameworks */,
				5E88727E211DE73200BDA39B /* Resources */,
				5E0CE2932167D05900BF4D39 /* ShellScript */,
			);
			buildRules = (
			);
			dependencies = (
			);
			name = Flashcards;
			productName = flashcards;
			productReference = 5E887280211DE73200BDA39B /* Flashcards.app */;
			productType = "com.apple.product-type.application";
		};
/* End PBXNativeTarget section */

/* Begin PBXProject section */
		5E887278211DE73200BDA39B /* Project object */ = {
			isa = PBXProject;
			attributes = {
				LastSwiftUpdateCheck = 1000;
				LastUpgradeCheck = 0940;
				ORGANIZATIONNAME = "Sergei Novikov";
				TargetAttributes = {
					5E76F53B2155C38000257C02 = {
						CreatedOnToolsVersion = 10.0;
						TestTargetID = 5E88727F211DE73200BDA39B;
					};
					5E88727F211DE73200BDA39B = {
						CreatedOnToolsVersion = 9.4.1;
						LastSwiftMigration = 1000;
					};
				};
			};
			buildConfigurationList = 5E88727B211DE73200BDA39B /* Build configuration list for PBXProject "Flashcards" */;
			compatibilityVersion = "Xcode 9.3";
			developmentRegion = en;
			hasScannedForEncodings = 0;
			knownRegions = (
				en,
				Base,
			);
			mainGroup = 5E887277211DE73200BDA39B;
			productRefGroup = 5E887281211DE73200BDA39B /* Products */;
			projectDirPath = "";
			projectRoot = "";
			targets = (
				5E88727F211DE73200BDA39B /* Flashcards */,
				5E76F53B2155C38000257C02 /* FlashcardsTests */,
			);
		};
/* End PBXProject section */

/* Begin PBXResourcesBuildPhase section */
		5E76F53A2155C38000257C02 /* Resources */ = {
			isa = PBXResourcesBuildPhase;
			buildActionMask = 2147483647;
			files = (
			);
			runOnlyForDeploymentPostprocessing = 0;
		};
		5E88727E211DE73200BDA39B /* Resources */ = {
			isa = PBXResourcesBuildPhase;
			buildActionMask = 2147483647;
			files = (
				5E88728E211DE73300BDA39B /* LaunchScreen.storyboard in Resources */,
				5E88728B211DE73300BDA39B /* Assets.xcassets in Resources */,
				5E887289211DE73200BDA39B /* Main.storyboard in Resources */,
				5EA0E2B42167D15300537999 /* AutoMockable.stencil in Resources */,
			);
			runOnlyForDeploymentPostprocessing = 0;
		};
/* End PBXResourcesBuildPhase section */

/* Begin PBXShellScriptBuildPhase section */
		5E0CE2932167D05900BF4D39 /* ShellScript */ = {
			isa = PBXShellScriptBuildPhase;
			buildActionMask = 2147483647;
			files = (
			);
			inputFileListPaths = (
			);
			inputPaths = (
			);
			outputFileListPaths = (
			);
			outputPaths = (
			);
			runOnlyForDeploymentPostprocessing = 0;
			shellPath = /bin/sh;
			shellScript = "# Type a script or drag a script file from your workspace to insert its path.\nsourcery --sources ./Flashcards/ --templates ./Flashcards/Templates/ --output ./Flashcards/\n";
		};
/* End PBXShellScriptBuildPhase section */

/* Begin PBXSourcesBuildPhase section */
		5E76F5382155C38000257C02 /* Sources */ = {
			isa = PBXSourcesBuildPhase;
			buildActionMask = 2147483647;
			files = (
				5EA0E2BC2167D5B600537999 /* RepositoryTests.swift in Sources */,
			);
			runOnlyForDeploymentPostprocessing = 0;
		};
		5E88727C211DE73200BDA39B /* Sources */ = {
			isa = PBXSourcesBuildPhase;
			buildActionMask = 2147483647;
			files = (
				5E900639212B3A050089B190 /* SourceViewController.swift in Sources */,
				5E887286211DE73200BDA39B /* SourcesViewController.swift in Sources */,
				5E4A9408215D586900D0B193 /* URLSessionDataTaskProtocol.swift in Sources */,
				5E3CF9CC21333C5900558F29 /* Repository.swift in Sources */,
				5E8029A5212BE98200F3A2AC /* Card.swift in Sources */,
				5E4A9406215D20FE00D0B193 /* URLSessionProtocol.swift in Sources */,
				5E8784352130BF6000E4AF75 /* QuizViewController.swift in Sources */,
				5E8029A9212C307800F3A2AC /* TokenRepository.swift in Sources */,
				5E76F5372153176000257C02 /* UserRepository.swift in Sources */,
				5E39E8712146B40E004F5566 /* Result.swift in Sources */,
				5E887284211DE73200BDA39B /* AppDelegate.swift in Sources */,
				5EA0E2B62167D1AC00537999 /* AutoMockable.generated.swift in Sources */,
				5E0CE2922167CC8700BF4D39 /* AutoMockable.swift in Sources */,
				5E8029A7212C2ADE00F3A2AC /* AuthViewController.swift in Sources */,
				5E3CF9CA2131FB8400558F29 /* Store.swift in Sources */,
				5ECE45B3212A2B4300CB0EED /* SourceRepository.swift in Sources */,
				5ECE45B1212A229000CB0EED /* Source.swift in Sources */,
				5E80299E212BE65A00F3A2AC /* BaseViewController.swift in Sources */,
				5ED824A5212DC63F00C9595D /* User.swift in Sources */,
				5EA8932D21319D3E00E55238 /* CardRepository.swift in Sources */,
			);
			runOnlyForDeploymentPostprocessing = 0;
		};
/* End PBXSourcesBuildPhase section */

/* Begin PBXTargetDependency section */
		5E76F5422155C38000257C02 /* PBXTargetDependency */ = {
			isa = PBXTargetDependency;
			target = 5E88727F211DE73200BDA39B /* Flashcards */;
			targetProxy = 5E76F5412155C38000257C02 /* PBXContainerItemProxy */;
		};
/* End PBXTargetDependency section */

/* Begin PBXVariantGroup section */
		5E887287211DE73200BDA39B /* Main.storyboard */ = {
			isa = PBXVariantGroup;
			children = (
				5E887288211DE73200BDA39B /* Base */,
			);
			name = Main.storyboard;
			sourceTree = "<group>";
		};
		5E88728C211DE73300BDA39B /* LaunchScreen.storyboard */ = {
			isa = PBXVariantGroup;
			children = (
				5E88728D211DE73300BDA39B /* Base */,
			);
			name = LaunchScreen.storyboard;
			sourceTree = "<group>";
		};
/* End PBXVariantGroup section */

/* Begin XCBuildConfiguration section */
		5E76F5432155C38000257C02 /* Debug */ = {
			isa = XCBuildConfiguration;
			buildSettings = {
				BUNDLE_LOADER = "$(TEST_HOST)";
				CODE_SIGN_STYLE = Automatic;
				DEVELOPMENT_TEAM = 8NA2975446;
				INFOPLIST_FILE = FlashcardsTests/Info.plist;
				IPHONEOS_DEPLOYMENT_TARGET = 12.0;
				LD_RUNPATH_SEARCH_PATHS = (
					"$(inherited)",
					"@executable_path/Frameworks",
					"@loader_path/Frameworks",
				);
				MTL_ENABLE_DEBUG_INFO = INCLUDE_SOURCE;
				MTL_FAST_MATH = YES;
				PRODUCT_BUNDLE_IDENTIFIER = com.droptheplot.FlashcardsTests;
				PRODUCT_NAME = "$(TARGET_NAME)";
				SWIFT_VERSION = 4.2;
				TARGETED_DEVICE_FAMILY = "1,2";
				TEST_HOST = "$(BUILT_PRODUCTS_DIR)/Flashcards.app/Flashcards";
			};
			name = Debug;
		};
		5E76F5442155C38000257C02 /* Release */ = {
			isa = XCBuildConfiguration;
			buildSettings = {
				BUNDLE_LOADER = "$(TEST_HOST)";
				CODE_SIGN_STYLE = Automatic;
				DEVELOPMENT_TEAM = 8NA2975446;
				INFOPLIST_FILE = FlashcardsTests/Info.plist;
				IPHONEOS_DEPLOYMENT_TARGET = 12.0;
				LD_RUNPATH_SEARCH_PATHS = (
					"$(inherited)",
					"@executable_path/Frameworks",
					"@loader_path/Frameworks",
				);
				MTL_FAST_MATH = YES;
				PRODUCT_BUNDLE_IDENTIFIER = com.droptheplot.FlashcardsTests;
				PRODUCT_NAME = "$(TARGET_NAME)";
				SWIFT_VERSION = 4.2;
				TARGETED_DEVICE_FAMILY = "1,2";
				TEST_HOST = "$(BUILT_PRODUCTS_DIR)/Flashcards.app/Flashcards";
			};
			name = Release;
		};
		5E887290211DE73300BDA39B /* Debug */ = {
			isa = XCBuildConfiguration;
			buildSettings = {
				ALWAYS_SEARCH_USER_PATHS = NO;
				CLANG_ANALYZER_NONNULL = YES;
				CLANG_ANALYZER_NUMBER_OBJECT_CONVERSION = YES_AGGRESSIVE;
				CLANG_CXX_LANGUAGE_STANDARD = "gnu++14";
				CLANG_CXX_LIBRARY = "libc++";
				CLANG_ENABLE_MODULES = YES;
				CLANG_ENABLE_OBJC_ARC = YES;
				CLANG_ENABLE_OBJC_WEAK = YES;
				CLANG_WARN_BLOCK_CAPTURE_AUTORELEASING = YES;
				CLANG_WARN_BOOL_CONVERSION = YES;
				CLANG_WARN_COMMA = YES;
				CLANG_WARN_CONSTANT_CONVERSION = YES;
				CLANG_WARN_DEPRECATED_OBJC_IMPLEMENTATIONS = YES;
				CLANG_WARN_DIRECT_OBJC_ISA_USAGE = YES_ERROR;
				CLANG_WARN_DOCUMENTATION_COMMENTS = YES;
				CLANG_WARN_EMPTY_BODY = YES;
				CLANG_WARN_ENUM_CONVERSION = YES;
				CLANG_WARN_INFINITE_RECURSION = YES;
				CLANG_WARN_INT_CONVERSION = YES;
				CLANG_WARN_NON_LITERAL_NULL_CONVERSION = YES;
				CLANG_WARN_OBJC_IMPLICIT_RETAIN_SELF = YES;
				CLANG_WARN_OBJC_LITERAL_CONVERSION = YES;
				CLANG_WARN_OBJC_ROOT_CLASS = YES_ERROR;
				CLANG_WARN_RANGE_LOOP_ANALYSIS = YES;
				CLANG_WARN_STRICT_PROTOTYPES = YES;
				CLANG_WARN_SUSPICIOUS_MOVE = YES;
				CLANG_WARN_UNGUARDED_AVAILABILITY = YES_AGGRESSIVE;
				CLANG_WARN_UNREACHABLE_CODE = YES;
				CLANG_WARN__DUPLICATE_METHOD_MATCH = YES;
				CODE_SIGN_IDENTITY = "iPhone Developer";
				COPY_PHASE_STRIP = NO;
				DEBUG_INFORMATION_FORMAT = dwarf;
				ENABLE_STRICT_OBJC_MSGSEND = YES;
				ENABLE_TESTABILITY = YES;
				GCC_C_LANGUAGE_STANDARD = gnu11;
				GCC_DYNAMIC_NO_PIC = NO;
				GCC_NO_COMMON_BLOCKS = YES;
				GCC_OPTIMIZATION_LEVEL = 0;
				GCC_PREPROCESSOR_DEFINITIONS = (
					"DEBUG=1",
					"$(inherited)",
				);
				GCC_WARN_64_TO_32_BIT_CONVERSION = YES;
				GCC_WARN_ABOUT_RETURN_TYPE = YES_ERROR;
				GCC_WARN_UNDECLARED_SELECTOR = YES;
				GCC_WARN_UNINITIALIZED_AUTOS = YES_AGGRESSIVE;
				GCC_WARN_UNUSED_FUNCTION = YES;
				GCC_WARN_UNUSED_VARIABLE = YES;
				IPHONEOS_DEPLOYMENT_TARGET = 11.4;
				MTL_ENABLE_DEBUG_INFO = YES;
				ONLY_ACTIVE_ARCH = YES;
				SDKROOT = iphoneos;
				SWIFT_ACTIVE_COMPILATION_CONDITIONS = DEBUG;
				SWIFT_OPTIMIZATION_LEVEL = "-Onone";
			};
			name = Debug;
		};
		5E887291211DE73300BDA39B /* Release */ = {
			isa = XCBuildConfiguration;
			buildSettings = {
				ALWAYS_SEARCH_USER_PATHS = NO;
				CLANG_ANALYZER_NONNULL = YES;
				CLANG_ANALYZER_NUMBER_OBJECT_CONVERSION = YES_AGGRESSIVE;
				CLANG_CXX_LANGUAGE_STANDARD = "gnu++14";
				CLANG_CXX_LIBRARY = "libc++";
				CLANG_ENABLE_MODULES = YES;
				CLANG_ENABLE_OBJC_ARC = YES;
				CLANG_ENABLE_OBJC_WEAK = YES;
				CLANG_WARN_BLOCK_CAPTURE_AUTORELEASING = YES;
				CLANG_WARN_BOOL_CONVERSION = YES;
				CLANG_WARN_COMMA = YES;
				CLANG_WARN_CONSTANT_CONVERSION = YES;
				CLANG_WARN_DEPRECATED_OBJC_IMPLEMENTATIONS = YES;
				CLANG_WARN_DIRECT_OBJC_ISA_USAGE = YES_ERROR;
				CLANG_WARN_DOCUMENTATION_COMMENTS = YES;
				CLANG_WARN_EMPTY_BODY = YES;
				CLANG_WARN_ENUM_CONVERSION = YES;
				CLANG_WARN_INFINITE_RECURSION = YES;
				CLANG_WARN_INT_CONVERSION = YES;
				CLANG_WARN_NON_LITERAL_NULL_CONVERSION = YES;
				CLANG_WARN_OBJC_IMPLICIT_RETAIN_SELF = YES;
				CLANG_WARN_OBJC_LITERAL_CONVERSION = YES;
				CLANG_WARN_OBJC_ROOT_CLASS = YES_ERROR;
				CLANG_WARN_RANGE_LOOP_ANALYSIS = YES;
				CLANG_WARN_STRICT_PROTOTYPES = YES;
				CLANG_WARN_SUSPICIOUS_MOVE = YES;
				CLANG_WARN_UNGUARDED_AVAILABILITY = YES_AGGRESSIVE;
				CLANG_WARN_UNREACHABLE_CODE = YES;
				CLANG_WARN__DUPLICATE_METHOD_MATCH = YES;
				CODE_SIGN_IDENTITY = "iPhone Developer";
				COPY_PHASE_STRIP = NO;
				DEBUG_INFORMATION_FORMAT = "dwarf-with-dsym";
				ENABLE_NS_ASSERTIONS = NO;
				ENABLE_STRICT_OBJC_MSGSEND = YES;
				GCC_C_LANGUAGE_STANDARD = gnu11;
				GCC_NO_COMMON_BLOCKS = YES;
				GCC_WARN_64_TO_32_BIT_CONVERSION = YES;
				GCC_WARN_ABOUT_RETURN_TYPE = YES_ERROR;
				GCC_WARN_UNDECLARED_SELECTOR = YES;
				GCC_WARN_UNINITIALIZED_AUTOS = YES_AGGRESSIVE;
				GCC_WARN_UNUSED_FUNCTION = YES;
				GCC_WARN_UNUSED_VARIABLE = YES;
				IPHONEOS_DEPLOYMENT_TARGET = 11.4;
				MTL_ENABLE_DEBUG_INFO = NO;
				SDKROOT = iphoneos;
				SWIFT_COMPILATION_MODE = wholemodule;
				SWIFT_OPTIMIZATION_LEVEL = "-O";
				VALIDATE_PRODUCT = YES;
			};
			name = Release;
		};
		5E887293211DE73300BDA39B /* Debug */ = {
			isa = XCBuildConfiguration;
			buildSettings = {
				ASSETCATALOG_COMPILER_APPICON_NAME = AppIcon;
				CODE_SIGN_IDENTITY = "iPhone Developer";
				CODE_SIGN_STYLE = Automatic;
				DEVELOPMENT_TEAM = 8NA2975446;
				INFOPLIST_FILE = flashcards/Info.plist;
				LD_RUNPATH_SEARCH_PATHS = (
					"$(inherited)",
					"@executable_path/Frameworks",
				);
				PRODUCT_BUNDLE_IDENTIFIER = com.droptheplot.flashcards;
				PRODUCT_NAME = "$(TARGET_NAME)";
				PROVISIONING_PROFILE_SPECIFIER = "";
				SWIFT_VERSION = 4.2;
				TARGETED_DEVICE_FAMILY = "1,2";
			};
			name = Debug;
		};
		5E887294211DE73300BDA39B /* Release */ = {
			isa = XCBuildConfiguration;
			buildSettings = {
				ASSETCATALOG_COMPILER_APPICON_NAME = AppIcon;
				CODE_SIGN_IDENTITY = "iPhone Developer";
				CODE_SIGN_STYLE = Automatic;
				DEVELOPMENT_TEAM = 8NA2975446;
				INFOPLIST_FILE = flashcards/Info.plist;
				LD_RUNPATH_SEARCH_PATHS = (
					"$(inherited)",
					"@executable_path/Frameworks",
				);
				PRODUCT_BUNDLE_IDENTIFIER = com.droptheplot.flashcards;
				PRODUCT_NAME = "$(TARGET_NAME)";
				PROVISIONING_PROFILE_SPECIFIER = "";
				SWIFT_VERSION = 4.2;
				TARGETED_DEVICE_FAMILY = "1,2";
			};
			name = Release;
		};
/* End XCBuildConfiguration section */

/* Begin XCConfigurationList section */
		5E76F5452155C38000257C02 /* Build configuration list for PBXNativeTarget "FlashcardsTests" */ = {
			isa = XCConfigurationList;
			buildConfigurations = (
				5E76F5432155C38000257C02 /* Debug */,
				5E76F5442155C38000257C02 /* Release */,
			);
			defaultConfigurationIsVisible = 0;
			defaultConfigurationName = Release;
		};
		5E88727B211DE73200BDA39B /* Build configuration list for PBXProject "Flashcards" */ = {
			isa = XCConfigurationList;
			buildConfigurations = (
				5E887290211DE73300BDA39B /* Debug */,
				5E887291211DE73300BDA39B /* Release */,
			);
			defaultConfigurationIsVisible = 0;
			defaultConfigurationName = Release;
		};
		5E887292211DE73300BDA39B /* Build configuration list for PBXNativeTarget "Flashcards" */ = {
			isa = XCConfigurationList;
			buildConfigurations = (
				5E887293211DE73300BDA39B /* Debug */,
				5E887294211DE73300BDA39B /* Release */,
			);
			defaultConfigurationIsVisible = 0;
			defaultConfigurationName = Release;
		};
/* End XCConfigurationList section */
	};
	rootObject = 5E887278211DE73200BDA39B /* Project object */;
}
